dependencies:
  '@babel/parser': 7.13.11
  pirates: 4.0.1
lockfileVersion: 5.2
packages:
  /@babel/parser/7.13.11:
    dev: false
    engines:
      node: '>=6.0.0'
    hasBin: true
    resolution:
      integrity: sha512-PhuoqeHoO9fc4ffMEVk4qb/w/s2iOSWohvbHxLtxui0eBg3Lg5gN1U8wp1V1u61hOWkPQJJyJzGH6Y+grwkq8Q==
  /node-modules-regexp/1.0.0:
    dev: false
    engines:
      node: '>=0.10.0'
    resolution:
      integrity: sha1-jZ2+KJZKSsVxLpExZCEHxx6Q7EA=
  /pirates/4.0.1:
    dependencies:
      node-modules-regexp: 1.0.0
    dev: false
    engines:
      node: '>= 6'
    resolution:
      integrity: sha512-WuNqLTbMI3tmfef2TKxlQmAiLHKtFhlsCZnPIpuv2Ow0RDVO8lfy1Opf4NUzlMXLjPl+Men7AuVdX6TA+s+uGA==
specifiers:
  '@babel/parser': ^7.13.11
  pirates: ^4.0.1
